{
  "name": "colonium",
  "version": "1.0.0",
  "lockfileVersion": 1,
  "requires": true,
  "dependencies": {
    "threex.domevents": {
      "version": "1.0.1",
      "resolved": "https://registry.npmjs.org/threex.domevents/-/threex.domevents-1.0.1.tgz",
      "integrity": "sha1-HALS8Pv182kSX0bVrjKRYMm79nY="
    }
  }
}
